dependencies:
  espressif/eppp_link:
    component_hash: 9472e6825f4bb71eca2b39cf1bc92659c1ac60bfd7416560ad033a7dd8641b17
    dependencies:
    - name: espressif/esp_serial_slave_link
      registry_url: https://components.espressif.com
      require: private
      version: ^1.1.0
    - name: idf
      require: private
      version: '>=5.2'
    source:
      registry_url: https://components.espressif.com
      type: service
    version: 1.1.4
  espressif/esp_hosted:
    component_hash: e23eb702781c804a62909e5394da0641a2bff9adccec6673a7bff60ce8c8b756
    dependencies:
    - name: idf
      require: private
      version: '>=5.3'
    source:
      registry_url: https://components.espressif.com/
      type: service
    version: 2.12.3
  espressif/esp_lcd_touch:
    dependencies: []
    source:
      path: /Users/francescoprochilo/Desktop/FilMachine_Simulator_v2/components/espressif__esp_lcd_touch
      type: local
    version: 1.2.1
  espressif/esp_lcd_touch_gt911:
    component_hash: 6029febef66eefd0910d527d7f30292779ccbf22a8dedd2bd69466acf0068a7b
    dependencies:
    - name: espressif/esp_lcd_touch
      registry_url: https://components.espressif.com
      require: public
      version: ^1.2.0
    - name: idf
      require: private
      version: '>=5.2'
    source:
      registry_url: https://components.espressif.com/
      type: service
    version: 1.2.0~2
  espressif/esp_serial_slave_link:
    component_hash: ac1776806de0a6e371c84e87898bb983e19ce62aa7f1e2e5c4a3b0234a575d2c
    dependencies:
    - name: idf
      require: private
      version: '>=5.0'
    source:
      registry_url: https://components.espressif.com
      type: service
    version: 1.1.2
  espressif/esp_wifi_remote:
    component_hash: 1e71e4a302ac61a67f854df0e3e2f0818ba7d85c30f0cada628270ee5ff17603
    dependencies:
    - name: espressif/esp_hosted
      registry_url: https://components.espressif.com
      require: private
      rules:
      - if: target in [esp32h2, esp32p4]
      version: '>=2.11'
    - name: espressif/wifi_remote_over_eppp
      registry_url: https://components.espressif.com
      require: private
      version: '>=0.1'
    - name: idf
      require: private
      version: '>=5.3'
    source:
      registry_url: https://components.espressif.com/
      type: service
    version: 1.5.0
  espressif/mdns:
    component_hash: 1ebe3bd675bb9d1c58f52bc0b609b32f74e572b01c328f9e61282040c775495c
    dependencies:
    - name: idf
      require: private
      version: '>=5.0'
    source:
      registry_url: https://components.espressif.com/
      type: service
    version: 1.11.0
  espressif/wifi_remote_over_eppp:
    component_hash: 06d8bc15348bbd21f1390daace36ed5adcf6026c93c5b69decc55fa04df2711a
    dependencies:
    - name: idf
      require: private
      version: '>=5.3'
    - name: espressif/eppp_link
      registry_url: https://components.espressif.com
      require: private
      version: '>=0.1'
    source:
      registry_url: https://components.espressif.com
      type: service
    version: 0.3.2
  idf:
    source:
      type: idf
    version: 5.5.0
  lvgl/lvgl:
    component_hash: 096c69af22eaf8a2b721e3913da91918c5e6bf1a762a113ec01f401aa61337a0
    dependencies: []
    source:
      registry_url: https://components.espressif.com/
      type: service
    version: 9.2.2
direct_dependencies:
- espressif/esp_hosted
- espressif/esp_lcd_touch_gt911
- espressif/esp_wifi_remote
- espressif/mdns
- idf
- lvgl/lvgl
manifest_hash: a0e9ab4664c890a8d6161595b2307c1bb1403f61c790a95caf25b7f7cd55f7de
target: esp32p4
version: 2.0.0
